
Microsoft Visual Studio Solution File, Format Version 12.00
# Visual Studio Version 17
VisualStudioVersion = 17.14.36203.30 d17.14
MinimumVisualStudioVersion = 10.0.40219.1
Project("{FAE04EC0-301F-11D3-BF4B-00C04F79EFBC}") = "WPF Урок №13 Локализация", "WPF Урок №13 Локализация.csproj", "{541DACA9-C4D4-4E4C-86E1-4331AE3D3182}"
EndProject
Global
	GlobalSection(SolutionConfigurationPlatforms) = preSolution
		Debug|Any CPU = Debug|Any CPU
		Release|Any CPU = Release|Any CPU
	EndGlobalSection
	GlobalSection(ProjectConfigurationPlatforms) = postSolution
		{541DACA9-C4D4-4E4C-86E1-4331AE3D3182}.Debug|Any CPU.ActiveCfg = Debug|Any CPU
		{541DACA9-C4D4-4E4C-86E1-4331AE3D3182}.Debug|Any CPU.Build.0 = Debug|Any CPU
		{541DACA9-C4D4-4E4C-86E1-4331AE3D3182}.Release|Any CPU.ActiveCfg = Release|Any CPU
		{541DACA9-C4D4-4E4C-86E1-4331AE3D3182}.Release|Any CPU.Build.0 = Release|Any CPU
	EndGlobalSection
	GlobalSection(SolutionProperties) = preSolution
		HideSolutionNode = FALSE
	EndGlobalSection
	GlobalSection(ExtensibilityGlobals) = postSolution
		SolutionGuid = {D353FE5A-79F9-4BFC-BEF8-6205E985BA3D}
	EndGlobalSection
EndGlobal
