
Microsoft Visual Studio Solution File, Format Version 12.00
# Visual Studio Version 17
VisualStudioVersion = 17.14.36203.30 d17.14
MinimumVisualStudioVersion = 10.0.40219.1
Project("{FAE04EC0-301F-11D3-BF4B-00C04F79EFBC}") = "BiletNomber11", "BiletNomber11.csproj", "{3296F9F1-0434-4215-AA22-282B8422C1BA}"
EndProject
Project("{FAE04EC0-301F-11D3-BF4B-00C04F79EFBC}") = "Albert PiTPM Practica", "..\Albert PiTPM Practica\Albert PiTPM Practica.csproj", "{04B20E4D-2B4C-4F46-9F3C-074A6534E3EA}"
EndProject
Project("{FAE04EC0-301F-11D3-BF4B-00C04F79EFBC}") = "UnitTestProject4", "..\UnitTestProject4\UnitTestProject4.csproj", "{8CCE0FA1-4462-4E7B-97ED-73D5F85F28A8}"
EndProject
Global
	GlobalSection(SolutionConfigurationPlatforms) = preSolution
		Debug|Any CPU = Debug|Any CPU
		Release|Any CPU = Release|Any CPU
	EndGlobalSection
	GlobalSection(ProjectConfigurationPlatforms) = postSolution
		{3296F9F1-0434-4215-AA22-282B8422C1BA}.Debug|Any CPU.ActiveCfg = Debug|Any CPU
		{3296F9F1-0434-4215-AA22-282B8422C1BA}.Debug|Any CPU.Build.0 = Debug|Any CPU
		{3296F9F1-0434-4215-AA22-282B8422C1BA}.Release|Any CPU.ActiveCfg = Release|Any CPU
		{3296F9F1-0434-4215-AA22-282B8422C1BA}.Release|Any CPU.Build.0 = Release|Any CPU
		{04B20E4D-2B4C-4F46-9F3C-074A6534E3EA}.Debug|Any CPU.ActiveCfg = Debug|Any CPU
		{04B20E4D-2B4C-4F46-9F3C-074A6534E3EA}.Debug|Any CPU.Build.0 = Debug|Any CPU
		{04B20E4D-2B4C-4F46-9F3C-074A6534E3EA}.Release|Any CPU.ActiveCfg = Release|Any CPU
		{04B20E4D-2B4C-4F46-9F3C-074A6534E3EA}.Release|Any CPU.Build.0 = Release|Any CPU
		{8CCE0FA1-4462-4E7B-97ED-73D5F85F28A8}.Debug|Any CPU.ActiveCfg = Debug|Any CPU
		{8CCE0FA1-4462-4E7B-97ED-73D5F85F28A8}.Debug|Any CPU.Build.0 = Debug|Any CPU
		{8CCE0FA1-4462-4E7B-97ED-73D5F85F28A8}.Release|Any CPU.ActiveCfg = Release|Any CPU
		{8CCE0FA1-4462-4E7B-97ED-73D5F85F28A8}.Release|Any CPU.Build.0 = Release|Any CPU
	EndGlobalSection
	GlobalSection(SolutionProperties) = preSolution
		HideSolutionNode = FALSE
	EndGlobalSection
	GlobalSection(ExtensibilityGlobals) = postSolution
		SolutionGuid = {34DCD7C0-3EF9-42B9-8847-77AE48A947A8}
	EndGlobalSection
EndGlobal
