
Microsoft Visual Studio Solution File, Format Version 12.00
# Visual Studio Version 17
VisualStudioVersion = 17.0.31912.275
MinimumVisualStudioVersion = 10.0.40219.1
Project("{FAE04EC0-301F-11D3-BF4B-00C04F79EFBC}") = "Бинарный поиск", "Бинарный поиск.csproj", "{0FCAADE8-D7BC-4FDB-B9E7-8C144B0603EC}"
EndProject
Global
	GlobalSection(SolutionConfigurationPlatforms) = preSolution
		Debug|Any CPU = Debug|Any CPU
		Release|Any CPU = Release|Any CPU
	EndGlobalSection
	GlobalSection(ProjectConfigurationPlatforms) = postSolution
		{0FCAADE8-D7BC-4FDB-B9E7-8C144B0603EC}.Debug|Any CPU.ActiveCfg = Debug|Any CPU
		{0FCAADE8-D7BC-4FDB-B9E7-8C144B0603EC}.Debug|Any CPU.Build.0 = Debug|Any CPU
		{0FCAADE8-D7BC-4FDB-B9E7-8C144B0603EC}.Release|Any CPU.ActiveCfg = Release|Any CPU
		{0FCAADE8-D7BC-4FDB-B9E7-8C144B0603EC}.Release|Any CPU.Build.0 = Release|Any CPU
	EndGlobalSection
	GlobalSection(SolutionProperties) = preSolution
		HideSolutionNode = FALSE
	EndGlobalSection
	GlobalSection(ExtensibilityGlobals) = postSolution
		SolutionGuid = {89BCEFEF-CB6A-4E33-B8E7-F8B0BF9AFB45}
	EndGlobalSection
EndGlobal
