
Microsoft Visual Studio Solution File, Format Version 12.00
# Visual Studio Version 17
VisualStudioVersion = 17.12.35424.110 d17.12
MinimumVisualStudioVersion = 10.0.40219.1
Project("{FAE04EC0-301F-11D3-BF4B-00C04F79EFBC}") = "Tests", "Tests.csproj", "{761E4ED2-69E6-4E8D-93BE-20954426DD50}"
EndProject
Project("{FAE04EC0-301F-11D3-BF4B-00C04F79EFBC}") = "UnitTestProject2", "..\UnitTestProject2\UnitTestProject2.csproj", "{17214240-3106-41FE-AEE4-85AD81833859}"
EndProject
Global
	GlobalSection(SolutionConfigurationPlatforms) = preSolution
		Debug|Any CPU = Debug|Any CPU
		Release|Any CPU = Release|Any CPU
	EndGlobalSection
	GlobalSection(ProjectConfigurationPlatforms) = postSolution
		{761E4ED2-69E6-4E8D-93BE-20954426DD50}.Debug|Any CPU.ActiveCfg = Debug|Any CPU
		{761E4ED2-69E6-4E8D-93BE-20954426DD50}.Debug|Any CPU.Build.0 = Debug|Any CPU
		{761E4ED2-69E6-4E8D-93BE-20954426DD50}.Release|Any CPU.ActiveCfg = Release|Any CPU
		{761E4ED2-69E6-4E8D-93BE-20954426DD50}.Release|Any CPU.Build.0 = Release|Any CPU
		{17214240-3106-41FE-AEE4-85AD81833859}.Debug|Any CPU.ActiveCfg = Debug|Any CPU
		{17214240-3106-41FE-AEE4-85AD81833859}.Debug|Any CPU.Build.0 = Debug|Any CPU
		{17214240-3106-41FE-AEE4-85AD81833859}.Release|Any CPU.ActiveCfg = Release|Any CPU
		{17214240-3106-41FE-AEE4-85AD81833859}.Release|Any CPU.Build.0 = Release|Any CPU
	EndGlobalSection
	GlobalSection(SolutionProperties) = preSolution
		HideSolutionNode = FALSE
	EndGlobalSection
EndGlobal
