
Microsoft Visual Studio Solution File, Format Version 12.00
# Visual Studio Version 17
VisualStudioVersion = 17.12.35424.110
MinimumVisualStudioVersion = 10.0.40219.1
Project("{FAE04EC0-301F-11D3-BF4B-00C04F79EFBC}") = "РПМ Урок №41-44 Дефекты кода", "РПМ Урок №41-44 Дефекты кода.csproj", "{A73CA73B-77A0-409F-8148-6BC629B49606}"
EndProject
Project("{FAE04EC0-301F-11D3-BF4B-00C04F79EFBC}") = "UnitTestProject1", "..\UnitTestProject1\UnitTestProject1.csproj", "{AECAC8F7-3586-4AF5-93B4-350A354E7568}"
EndProject
Global
	GlobalSection(SolutionConfigurationPlatforms) = preSolution
		Debug|Any CPU = Debug|Any CPU
		Release|Any CPU = Release|Any CPU
	EndGlobalSection
	GlobalSection(ProjectConfigurationPlatforms) = postSolution
		{A73CA73B-77A0-409F-8148-6BC629B49606}.Debug|Any CPU.ActiveCfg = Debug|Any CPU
		{A73CA73B-77A0-409F-8148-6BC629B49606}.Debug|Any CPU.Build.0 = Debug|Any CPU
		{A73CA73B-77A0-409F-8148-6BC629B49606}.Release|Any CPU.ActiveCfg = Release|Any CPU
		{A73CA73B-77A0-409F-8148-6BC629B49606}.Release|Any CPU.Build.0 = Release|Any CPU
		{AECAC8F7-3586-4AF5-93B4-350A354E7568}.Debug|Any CPU.ActiveCfg = Debug|Any CPU
		{AECAC8F7-3586-4AF5-93B4-350A354E7568}.Debug|Any CPU.Build.0 = Debug|Any CPU
		{AECAC8F7-3586-4AF5-93B4-350A354E7568}.Release|Any CPU.ActiveCfg = Release|Any CPU
		{AECAC8F7-3586-4AF5-93B4-350A354E7568}.Release|Any CPU.Build.0 = Release|Any CPU
	EndGlobalSection
	GlobalSection(SolutionProperties) = preSolution
		HideSolutionNode = FALSE
	EndGlobalSection
EndGlobal
