
Microsoft Visual Studio Solution File, Format Version 12.00
# Visual Studio Version 17
VisualStudioVersion = 17.14.36616.10 d17.14
MinimumVisualStudioVersion = 10.0.40219.1
Project("{FAE04EC0-301F-11D3-BF4B-00C04F79EFBC}") = "Лушников Пересдача РПМ", "Лушников Пересдача РПМ.csproj", "{D1AA1E85-4E92-473F-9580-1EA7046788DE}"
EndProject
Global
	GlobalSection(SolutionConfigurationPlatforms) = preSolution
		Debug|Any CPU = Debug|Any CPU
		Release|Any CPU = Release|Any CPU
	EndGlobalSection
	GlobalSection(ProjectConfigurationPlatforms) = postSolution
		{D1AA1E85-4E92-473F-9580-1EA7046788DE}.Debug|Any CPU.ActiveCfg = Debug|Any CPU
		{D1AA1E85-4E92-473F-9580-1EA7046788DE}.Debug|Any CPU.Build.0 = Debug|Any CPU
		{D1AA1E85-4E92-473F-9580-1EA7046788DE}.Release|Any CPU.ActiveCfg = Release|Any CPU
		{D1AA1E85-4E92-473F-9580-1EA7046788DE}.Release|Any CPU.Build.0 = Release|Any CPU
	EndGlobalSection
	GlobalSection(SolutionProperties) = preSolution
		HideSolutionNode = FALSE
	EndGlobalSection
	GlobalSection(ExtensibilityGlobals) = postSolution
		SolutionGuid = {97CD27C1-9DC5-472C-948B-DFDC6DC099B0}
	EndGlobalSection
EndGlobal
