
Microsoft Visual Studio Solution File, Format Version 12.00
# Visual Studio Version 17
VisualStudioVersion = 17.14.36616.10 d17.14
MinimumVisualStudioVersion = 10.0.40219.1
Project("{FAE04EC0-301F-11D3-BF4B-00C04F79EFBC}") = "зачет", "зачет.csproj", "{D8AC9C32-4E8C-481C-A347-A289B2BFE6B8}"
EndProject
Global
	GlobalSection(SolutionConfigurationPlatforms) = preSolution
		Debug|Any CPU = Debug|Any CPU
		Release|Any CPU = Release|Any CPU
	EndGlobalSection
	GlobalSection(ProjectConfigurationPlatforms) = postSolution
		{D8AC9C32-4E8C-481C-A347-A289B2BFE6B8}.Debug|Any CPU.ActiveCfg = Debug|Any CPU
		{D8AC9C32-4E8C-481C-A347-A289B2BFE6B8}.Debug|Any CPU.Build.0 = Debug|Any CPU
		{D8AC9C32-4E8C-481C-A347-A289B2BFE6B8}.Release|Any CPU.ActiveCfg = Release|Any CPU
		{D8AC9C32-4E8C-481C-A347-A289B2BFE6B8}.Release|Any CPU.Build.0 = Release|Any CPU
	EndGlobalSection
	GlobalSection(SolutionProperties) = preSolution
		HideSolutionNode = FALSE
	EndGlobalSection
	GlobalSection(ExtensibilityGlobals) = postSolution
		SolutionGuid = {D1DA2175-9971-491E-B223-860792A6FE60}
	EndGlobalSection
EndGlobal
