
Microsoft Visual Studio Solution File, Format Version 12.00
# Visual Studio Version 17
VisualStudioVersion = 17.14.36414.22
MinimumVisualStudioVersion = 10.0.40219.1
Project("{FAE04EC0-301F-11D3-BF4B-00C04F79EFBC}") = "Урок №2. Отсоединённый режим", "Урок №2. Отсоединённый режим.csproj", "{B2CEF4B7-A7D6-477E-93DF-2AA9A745440A}"
EndProject
Global
	GlobalSection(SolutionConfigurationPlatforms) = preSolution
		Debug|Any CPU = Debug|Any CPU
		Release|Any CPU = Release|Any CPU
	EndGlobalSection
	GlobalSection(ProjectConfigurationPlatforms) = postSolution
		{B2CEF4B7-A7D6-477E-93DF-2AA9A745440A}.Debug|Any CPU.ActiveCfg = Debug|Any CPU
		{B2CEF4B7-A7D6-477E-93DF-2AA9A745440A}.Debug|Any CPU.Build.0 = Debug|Any CPU
		{B2CEF4B7-A7D6-477E-93DF-2AA9A745440A}.Release|Any CPU.ActiveCfg = Release|Any CPU
		{B2CEF4B7-A7D6-477E-93DF-2AA9A745440A}.Release|Any CPU.Build.0 = Release|Any CPU
	EndGlobalSection
	GlobalSection(SolutionProperties) = preSolution
		HideSolutionNode = FALSE
	EndGlobalSection
	GlobalSection(ExtensibilityGlobals) = postSolution
		SolutionGuid = {67A3FFFE-8EC5-44D6-91CD-6AD283D434E1}
	EndGlobalSection
EndGlobal
