
Microsoft Visual Studio Solution File, Format Version 12.00
# Visual Studio Version 17
VisualStudioVersion = 17.14.36616.10 d17.14
MinimumVisualStudioVersion = 10.0.40219.1
Project("{FAE04EC0-301F-11D3-BF4B-00C04F79EFBC}") = "Урок №2. Процессы", "Урок №2. Процессы.csproj", "{554317E0-E324-4D76-89A1-A7194C2E09CD}"
EndProject
Global
	GlobalSection(SolutionConfigurationPlatforms) = preSolution
		Debug|Any CPU = Debug|Any CPU
		Release|Any CPU = Release|Any CPU
	EndGlobalSection
	GlobalSection(ProjectConfigurationPlatforms) = postSolution
		{554317E0-E324-4D76-89A1-A7194C2E09CD}.Debug|Any CPU.ActiveCfg = Debug|Any CPU
		{554317E0-E324-4D76-89A1-A7194C2E09CD}.Debug|Any CPU.Build.0 = Debug|Any CPU
		{554317E0-E324-4D76-89A1-A7194C2E09CD}.Release|Any CPU.ActiveCfg = Release|Any CPU
		{554317E0-E324-4D76-89A1-A7194C2E09CD}.Release|Any CPU.Build.0 = Release|Any CPU
	EndGlobalSection
	GlobalSection(SolutionProperties) = preSolution
		HideSolutionNode = FALSE
	EndGlobalSection
	GlobalSection(ExtensibilityGlobals) = postSolution
		SolutionGuid = {6AE811F3-722D-4BB6-B4DD-FB27697FC532}
	EndGlobalSection
EndGlobal
