
Microsoft Visual Studio Solution File, Format Version 12.00
# Visual Studio Version 17
VisualStudioVersion = 17.12.35424.110 d17.12
MinimumVisualStudioVersion = 10.0.40219.1
Project("{8BC9CEB8-8B4A-11D0-8D11-00A0C91BC942}") = "Урок №2 Переменные и типы данных", "Урок №2 Переменные и типы данных.vcxproj", "{66CE2A76-6384-425D-8E1F-6DA77450FC50}"
EndProject
Global
	GlobalSection(SolutionConfigurationPlatforms) = preSolution
		Debug|x64 = Debug|x64
		Debug|x86 = Debug|x86
		Release|x64 = Release|x64
		Release|x86 = Release|x86
	EndGlobalSection
	GlobalSection(ProjectConfigurationPlatforms) = postSolution
		{66CE2A76-6384-425D-8E1F-6DA77450FC50}.Debug|x64.ActiveCfg = Debug|x64
		{66CE2A76-6384-425D-8E1F-6DA77450FC50}.Debug|x64.Build.0 = Debug|x64
		{66CE2A76-6384-425D-8E1F-6DA77450FC50}.Debug|x86.ActiveCfg = Debug|Win32
		{66CE2A76-6384-425D-8E1F-6DA77450FC50}.Debug|x86.Build.0 = Debug|Win32
		{66CE2A76-6384-425D-8E1F-6DA77450FC50}.Release|x64.ActiveCfg = Release|x64
		{66CE2A76-6384-425D-8E1F-6DA77450FC50}.Release|x64.Build.0 = Release|x64
		{66CE2A76-6384-425D-8E1F-6DA77450FC50}.Release|x86.ActiveCfg = Release|Win32
		{66CE2A76-6384-425D-8E1F-6DA77450FC50}.Release|x86.Build.0 = Release|Win32
	EndGlobalSection
	GlobalSection(SolutionProperties) = preSolution
		HideSolutionNode = FALSE
	EndGlobalSection
EndGlobal
