
Microsoft Visual Studio Solution File, Format Version 12.00
# Visual Studio Version 17
VisualStudioVersion = 17.14.36203.30 d17.14
MinimumVisualStudioVersion = 10.0.40219.1
Project("{FAE04EC0-301F-11D3-BF4B-00C04F79EFBC}") = "chavychalov", "chavychalov.csproj", "{8C8D793B-B233-47DE-8355-7E5567C308E6}"
EndProject
Project("{FAE04EC0-301F-11D3-BF4B-00C04F79EFBC}") = "UnitTestProject7", "..\UnitTestProject7\UnitTestProject7.csproj", "{AEC8CAC0-BD78-4AE7-9EE5-C87486F0A395}"
EndProject
Global
	GlobalSection(SolutionConfigurationPlatforms) = preSolution
		Debug|Any CPU = Debug|Any CPU
		Release|Any CPU = Release|Any CPU
	EndGlobalSection
	GlobalSection(ProjectConfigurationPlatforms) = postSolution
		{8C8D793B-B233-47DE-8355-7E5567C308E6}.Debug|Any CPU.ActiveCfg = Debug|Any CPU
		{8C8D793B-B233-47DE-8355-7E5567C308E6}.Debug|Any CPU.Build.0 = Debug|Any CPU
		{8C8D793B-B233-47DE-8355-7E5567C308E6}.Release|Any CPU.ActiveCfg = Release|Any CPU
		{8C8D793B-B233-47DE-8355-7E5567C308E6}.Release|Any CPU.Build.0 = Release|Any CPU
		{AEC8CAC0-BD78-4AE7-9EE5-C87486F0A395}.Debug|Any CPU.ActiveCfg = Debug|Any CPU
		{AEC8CAC0-BD78-4AE7-9EE5-C87486F0A395}.Debug|Any CPU.Build.0 = Debug|Any CPU
		{AEC8CAC0-BD78-4AE7-9EE5-C87486F0A395}.Release|Any CPU.ActiveCfg = Release|Any CPU
		{AEC8CAC0-BD78-4AE7-9EE5-C87486F0A395}.Release|Any CPU.Build.0 = Release|Any CPU
	EndGlobalSection
	GlobalSection(SolutionProperties) = preSolution
		HideSolutionNode = FALSE
	EndGlobalSection
	GlobalSection(ExtensibilityGlobals) = postSolution
		SolutionGuid = {03EE325C-7F00-4DA7-8AB9-D723143FB2AA}
	EndGlobalSection
EndGlobal
