
Microsoft Visual Studio Solution File, Format Version 12.00
# Visual Studio Version 17
VisualStudioVersion = 17.12.35424.110 d17.12
MinimumVisualStudioVersion = 10.0.40219.1
Project("{FAE04EC0-301F-11D3-BF4B-00C04F79EFBC}") = "NET Урок №8 Структуры и перечисления", "NET Урок №8 Структуры и перечисления.csproj", "{DC96C748-C0BA-46E0-BB60-42E231393671}"
EndProject
Global
	GlobalSection(SolutionConfigurationPlatforms) = preSolution
		Debug|Any CPU = Debug|Any CPU
		Release|Any CPU = Release|Any CPU
	EndGlobalSection
	GlobalSection(ProjectConfigurationPlatforms) = postSolution
		{DC96C748-C0BA-46E0-BB60-42E231393671}.Debug|Any CPU.ActiveCfg = Debug|Any CPU
		{DC96C748-C0BA-46E0-BB60-42E231393671}.Debug|Any CPU.Build.0 = Debug|Any CPU
		{DC96C748-C0BA-46E0-BB60-42E231393671}.Release|Any CPU.ActiveCfg = Release|Any CPU
		{DC96C748-C0BA-46E0-BB60-42E231393671}.Release|Any CPU.Build.0 = Release|Any CPU
	EndGlobalSection
	GlobalSection(SolutionProperties) = preSolution
		HideSolutionNode = FALSE
	EndGlobalSection
EndGlobal
