
Microsoft Visual Studio Solution File, Format Version 12.00
# Visual Studio Version 17
VisualStudioVersion = 17.12.35424.110 d17.12
MinimumVisualStudioVersion = 10.0.40219.1
Project("{FAE04EC0-301F-11D3-BF4B-00C04F79EFBC}") = "РПМ Урок №35 Элементы управления", "РПМ Урок №35 Элементы управления.csproj", "{358DFDCD-CA47-4C3C-A071-9247412B11D9}"
EndProject
Global
	GlobalSection(SolutionConfigurationPlatforms) = preSolution
		Debug|Any CPU = Debug|Any CPU
		Release|Any CPU = Release|Any CPU
	EndGlobalSection
	GlobalSection(ProjectConfigurationPlatforms) = postSolution
		{358DFDCD-CA47-4C3C-A071-9247412B11D9}.Debug|Any CPU.ActiveCfg = Debug|Any CPU
		{358DFDCD-CA47-4C3C-A071-9247412B11D9}.Debug|Any CPU.Build.0 = Debug|Any CPU
		{358DFDCD-CA47-4C3C-A071-9247412B11D9}.Release|Any CPU.ActiveCfg = Release|Any CPU
		{358DFDCD-CA47-4C3C-A071-9247412B11D9}.Release|Any CPU.Build.0 = Release|Any CPU
	EndGlobalSection
	GlobalSection(SolutionProperties) = preSolution
		HideSolutionNode = FALSE
	EndGlobalSection
EndGlobal
