
Microsoft Visual Studio Solution File, Format Version 12.00
# Visual Studio Version 17
VisualStudioVersion = 17.12.35424.110 d17.12
MinimumVisualStudioVersion = 10.0.40219.1
Project("{FAE04EC0-301F-11D3-BF4B-00C04F79EFBC}") = "ClassLibraryTicket", "..\ClassLibraryTicket\ClassLibraryTicket.csproj", "{5E729FED-A989-4D6A-9C19-F6A5A9259FE9}"
EndProject
Project("{FAE04EC0-301F-11D3-BF4B-00C04F79EFBC}") = "BookingTicket", "..\BookingTicket\BookingTicket.csproj", "{B0104011-18C0-4BCA-9A0C-53AEB6EDB233}"
EndProject
Project("{FAE04EC0-301F-11D3-BF4B-00C04F79EFBC}") = "UnitTestProjectBookingTicket", "..\UnitTestProjectBookingTicket\UnitTestProjectBookingTicket.csproj", "{92A3913C-5B5C-410C-873E-55AFCFE5ABF5}"
EndProject
Global
	GlobalSection(SolutionConfigurationPlatforms) = preSolution
		Debug|Any CPU = Debug|Any CPU
		Release|Any CPU = Release|Any CPU
	EndGlobalSection
	GlobalSection(ProjectConfigurationPlatforms) = postSolution
		{5E729FED-A989-4D6A-9C19-F6A5A9259FE9}.Debug|Any CPU.ActiveCfg = Debug|Any CPU
		{5E729FED-A989-4D6A-9C19-F6A5A9259FE9}.Debug|Any CPU.Build.0 = Debug|Any CPU
		{5E729FED-A989-4D6A-9C19-F6A5A9259FE9}.Release|Any CPU.ActiveCfg = Release|Any CPU
		{5E729FED-A989-4D6A-9C19-F6A5A9259FE9}.Release|Any CPU.Build.0 = Release|Any CPU
		{B0104011-18C0-4BCA-9A0C-53AEB6EDB233}.Debug|Any CPU.ActiveCfg = Debug|Any CPU
		{B0104011-18C0-4BCA-9A0C-53AEB6EDB233}.Debug|Any CPU.Build.0 = Debug|Any CPU
		{B0104011-18C0-4BCA-9A0C-53AEB6EDB233}.Release|Any CPU.ActiveCfg = Release|Any CPU
		{B0104011-18C0-4BCA-9A0C-53AEB6EDB233}.Release|Any CPU.Build.0 = Release|Any CPU
		{92A3913C-5B5C-410C-873E-55AFCFE5ABF5}.Debug|Any CPU.ActiveCfg = Debug|Any CPU
		{92A3913C-5B5C-410C-873E-55AFCFE5ABF5}.Debug|Any CPU.Build.0 = Debug|Any CPU
		{92A3913C-5B5C-410C-873E-55AFCFE5ABF5}.Release|Any CPU.ActiveCfg = Release|Any CPU
		{92A3913C-5B5C-410C-873E-55AFCFE5ABF5}.Release|Any CPU.Build.0 = Release|Any CPU
	EndGlobalSection
	GlobalSection(SolutionProperties) = preSolution
		HideSolutionNode = FALSE
	EndGlobalSection
EndGlobal
