
Microsoft Visual Studio Solution File, Format Version 12.00
# Visual Studio Version 17
VisualStudioVersion = 17.14.36616.10 d17.14
MinimumVisualStudioVersion = 10.0.40219.1
Project("{FAE04EC0-301F-11D3-BF4B-00C04F79EFBC}") = "Урок №5. Пул потоков", "Урок №5. Пул потоков.csproj", "{64B9D17C-DFCA-48D0-AB9C-97D52190D521}"
EndProject
Global
	GlobalSection(SolutionConfigurationPlatforms) = preSolution
		Debug|Any CPU = Debug|Any CPU
		Release|Any CPU = Release|Any CPU
	EndGlobalSection
	GlobalSection(ProjectConfigurationPlatforms) = postSolution
		{64B9D17C-DFCA-48D0-AB9C-97D52190D521}.Debug|Any CPU.ActiveCfg = Debug|Any CPU
		{64B9D17C-DFCA-48D0-AB9C-97D52190D521}.Debug|Any CPU.Build.0 = Debug|Any CPU
		{64B9D17C-DFCA-48D0-AB9C-97D52190D521}.Release|Any CPU.ActiveCfg = Release|Any CPU
		{64B9D17C-DFCA-48D0-AB9C-97D52190D521}.Release|Any CPU.Build.0 = Release|Any CPU
	EndGlobalSection
	GlobalSection(SolutionProperties) = preSolution
		HideSolutionNode = FALSE
	EndGlobalSection
	GlobalSection(ExtensibilityGlobals) = postSolution
		SolutionGuid = {FD396BCD-14EB-45CF-A23C-EAEF7D570B3B}
	EndGlobalSection
EndGlobal
