
Microsoft Visual Studio Solution File, Format Version 12.00
# Visual Studio Version 17
VisualStudioVersion = 17.12.35424.110 d17.12
MinimumVisualStudioVersion = 10.0.40219.1
Project("{FAE04EC0-301F-11D3-BF4B-00C04F79EFBC}") = "UnitTestingClassLibrary", "UnitTestingClassLibrary.csproj", "{63872992-CE93-4200-929E-C4F66F46388A}"
EndProject
Project("{FAE04EC0-301F-11D3-BF4B-00C04F79EFBC}") = "UnitTestProjectPracticeN3", "..\UnitTestProjectPracticeN3\UnitTestProjectPracticeN3.csproj", "{12A0839D-29C4-4674-A03F-93A1B85B7036}"
EndProject
Global
	GlobalSection(SolutionConfigurationPlatforms) = preSolution
		Debug|Any CPU = Debug|Any CPU
		Release|Any CPU = Release|Any CPU
	EndGlobalSection
	GlobalSection(ProjectConfigurationPlatforms) = postSolution
		{63872992-CE93-4200-929E-C4F66F46388A}.Debug|Any CPU.ActiveCfg = Debug|Any CPU
		{63872992-CE93-4200-929E-C4F66F46388A}.Debug|Any CPU.Build.0 = Debug|Any CPU
		{63872992-CE93-4200-929E-C4F66F46388A}.Release|Any CPU.ActiveCfg = Release|Any CPU
		{63872992-CE93-4200-929E-C4F66F46388A}.Release|Any CPU.Build.0 = Release|Any CPU
		{12A0839D-29C4-4674-A03F-93A1B85B7036}.Debug|Any CPU.ActiveCfg = Debug|Any CPU
		{12A0839D-29C4-4674-A03F-93A1B85B7036}.Debug|Any CPU.Build.0 = Debug|Any CPU
		{12A0839D-29C4-4674-A03F-93A1B85B7036}.Release|Any CPU.ActiveCfg = Release|Any CPU
		{12A0839D-29C4-4674-A03F-93A1B85B7036}.Release|Any CPU.Build.0 = Release|Any CPU
	EndGlobalSection
	GlobalSection(SolutionProperties) = preSolution
		HideSolutionNode = FALSE
	EndGlobalSection
EndGlobal
