
Microsoft Visual Studio Solution File, Format Version 12.00
# Visual Studio Version 17
VisualStudioVersion = 17.14.36203.30 d17.14
MinimumVisualStudioVersion = 10.0.40219.1
Project("{FAE04EC0-301F-11D3-BF4B-00C04F79EFBC}") = "Зачёт_Золин", "Зачёт_Золин.csproj", "{4D37D4D5-97A1-4740-944D-DA83C7BF240D}"
EndProject
Global
	GlobalSection(SolutionConfigurationPlatforms) = preSolution
		Debug|Any CPU = Debug|Any CPU
		Release|Any CPU = Release|Any CPU
	EndGlobalSection
	GlobalSection(ProjectConfigurationPlatforms) = postSolution
		{4D37D4D5-97A1-4740-944D-DA83C7BF240D}.Debug|Any CPU.ActiveCfg = Debug|Any CPU
		{4D37D4D5-97A1-4740-944D-DA83C7BF240D}.Debug|Any CPU.Build.0 = Debug|Any CPU
		{4D37D4D5-97A1-4740-944D-DA83C7BF240D}.Release|Any CPU.ActiveCfg = Release|Any CPU
		{4D37D4D5-97A1-4740-944D-DA83C7BF240D}.Release|Any CPU.Build.0 = Release|Any CPU
	EndGlobalSection
	GlobalSection(SolutionProperties) = preSolution
		HideSolutionNode = FALSE
	EndGlobalSection
	GlobalSection(ExtensibilityGlobals) = postSolution
		SolutionGuid = {D01EBCCD-9A27-4FCF-A1A0-B7CEF6F222BA}
	EndGlobalSection
EndGlobal
