
Microsoft Visual Studio Solution File, Format Version 12.00
# Visual Studio Version 17
VisualStudioVersion = 17.14.36414.22 d17.14
MinimumVisualStudioVersion = 10.0.40219.1
Project("{FAE04EC0-301F-11D3-BF4B-00C04F79EFBC}") = "Урок №2 Подключение к БД", "Урок №2 Подключение к БД.csproj", "{FD6E37B6-DE82-4437-A9DF-6A8F95193C00}"
EndProject
Global
	GlobalSection(SolutionConfigurationPlatforms) = preSolution
		Debug|Any CPU = Debug|Any CPU
		Release|Any CPU = Release|Any CPU
	EndGlobalSection
	GlobalSection(ProjectConfigurationPlatforms) = postSolution
		{FD6E37B6-DE82-4437-A9DF-6A8F95193C00}.Debug|Any CPU.ActiveCfg = Debug|Any CPU
		{FD6E37B6-DE82-4437-A9DF-6A8F95193C00}.Debug|Any CPU.Build.0 = Debug|Any CPU
		{FD6E37B6-DE82-4437-A9DF-6A8F95193C00}.Release|Any CPU.ActiveCfg = Release|Any CPU
		{FD6E37B6-DE82-4437-A9DF-6A8F95193C00}.Release|Any CPU.Build.0 = Release|Any CPU
	EndGlobalSection
	GlobalSection(SolutionProperties) = preSolution
		HideSolutionNode = FALSE
	EndGlobalSection
	GlobalSection(ExtensibilityGlobals) = postSolution
		SolutionGuid = {07AF15A9-4375-4C03-8006-0090D2FFDCA1}
	EndGlobalSection
EndGlobal
